
Microsoft Visual Studio Solution File, Format Version 12.00
# Visual Studio 2012
Project("{FAE04EC0-301F-11D3-BF4B-00C04F79EFBC}") = "Lucene.Net.Linq", "Lucene.Net.Linq\Lucene.Net.Linq.csproj", "{77AD18CC-93A3-4BC9-9F31-2C16D873F088}"
EndProject
Project("{FAE04EC0-301F-11D3-BF4B-00C04F79EFBC}") = "Lucene.Net.Linq.Tests", "Lucene.Net.Linq.Tests\Lucene.Net.Linq.Tests.csproj", "{40D157FA-178B-4906-9179-E5D623F5BA03}"
EndProject
Project("{2150E333-8FDC-42A3-9474-1A3956D46DE8}") = "Files", "Files", "{91DBBF52-CD3F-4737-91DC-CDB7564C32B9}"
	ProjectSection(SolutionItems) = preProject
		..\default.ps1 = ..\default.ps1
		..\LICENSE.txt = ..\LICENSE.txt
		..\psake.ps1 = ..\psake.ps1
		..\psake.psm1 = ..\psake.psm1
		..\psake_ext.ps1 = ..\psake_ext.ps1
		..\README.markdown = ..\README.markdown
	EndProjectSection
EndProject
Project("{2150E333-8FDC-42A3-9474-1A3956D46DE8}") = ".nuget", ".nuget", "{95CA6EE1-3FC1-466E-821F-E48BE7DCCA6E}"
	ProjectSection(SolutionItems) = preProject
		.nuget\NuGet.Config = .nuget\NuGet.Config
		.nuget\NuGet.exe = .nuget\NuGet.exe
		.nuget\NuGet.targets = .nuget\NuGet.targets
	EndProjectSection
EndProject
Global
	GlobalSection(SolutionConfigurationPlatforms) = preSolution
		Debug|Any CPU = Debug|Any CPU
		Release|Any CPU = Release|Any CPU
	EndGlobalSection
	GlobalSection(ProjectConfigurationPlatforms) = postSolution
		{40D157FA-178B-4906-9179-E5D623F5BA03}.Debug|Any CPU.ActiveCfg = Debug|Any CPU
		{40D157FA-178B-4906-9179-E5D623F5BA03}.Debug|Any CPU.Build.0 = Debug|Any CPU
		{40D157FA-178B-4906-9179-E5D623F5BA03}.Release|Any CPU.ActiveCfg = Release|Any CPU
		{77AD18CC-93A3-4BC9-9F31-2C16D873F088}.Debug|Any CPU.ActiveCfg = Debug|Any CPU
		{77AD18CC-93A3-4BC9-9F31-2C16D873F088}.Debug|Any CPU.Build.0 = Debug|Any CPU
		{77AD18CC-93A3-4BC9-9F31-2C16D873F088}.Release|Any CPU.ActiveCfg = Release|Any CPU
		{77AD18CC-93A3-4BC9-9F31-2C16D873F088}.Release|Any CPU.Build.0 = Release|Any CPU
	EndGlobalSection
	GlobalSection(NestedProjects) = preSolution
	EndGlobalSection
	GlobalSection(MonoDevelopProperties) = preSolution
		StartupItem = Lucene.Net.Linq\Lucene.Net.Linq.csproj
		Policies = $0
		$0.DotNetNamingPolicy = $1
		$1.DirectoryNamespaceAssociation = None
		$1.ResourceNamePolicy = FileFormatDefault
		$0.TextStylePolicy = $2
		$2.NoTabsAfterNonTabs = True
		$2.EolMarker = Windows
		$2.inheritsSet = VisualStudio
		$2.inheritsScope = text/plain
		$2.scope = text/x-csharp
		$0.CSharpFormattingPolicy = $3
		$3.IndentSwitchBody = True
		$3.AnonymousMethodBraceStyle = NextLine
		$3.PropertyBraceStyle = NextLine
		$3.PropertyGetBraceStyle = NextLine
		$3.PropertySetBraceStyle = NextLine
		$3.EventBraceStyle = NextLine
		$3.EventAddBraceStyle = NextLine
		$3.EventRemoveBraceStyle = NextLine
		$3.StatementBraceStyle = NextLine
		$3.ArrayInitializerBraceStyle = NextLine
		$3.BeforeMethodDeclarationParentheses = False
		$3.BeforeMethodCallParentheses = False
		$3.BeforeConstructorDeclarationParentheses = False
		$3.BeforeDelegateDeclarationParentheses = False
		$3.NewParentheses = False
		$3.inheritsSet = Mono
		$3.inheritsScope = text/x-csharp
		$3.scope = text/x-csharp
	EndGlobalSection
	GlobalSection(SolutionProperties) = preSolution
		HideSolutionNode = FALSE
	EndGlobalSection
EndGlobal
